// !$*UTF8*$!
{
	archiveVersion = 1;
	classes = {
	};
	objectVersion = 46;
	objects = {

/* Begin PBXBuildFile section */
		005FA6C41B5FCDDC0036AB89 /* AccountViewController.m in Sources */ = {isa = PBXBuildFile; fileRef = 005FA6C31B5FCDDC0036AB89 /* AccountViewController.m */; };
		005FA6C81B67A6F90036AB89 /* AnnouncementDetailVC.m in Sources */ = {isa = PBXBuildFile; fileRef = 005FA6C61B67A6F90036AB89 /* AnnouncementDetailVC.m */; };
		005FA6C91B67A6F90036AB89 /* AnnouncementDetailVC.xib in Resources */ = {isa = PBXBuildFile; fileRef = 005FA6C71B67A6F90036AB89 /* AnnouncementDetailVC.xib */; };
		005FA6CD1B67A7180036AB89 /* InsidelDetailVC.m in Sources */ = {isa = PBXBuildFile; fileRef = 005FA6CB1B67A7180036AB89 /* InsidelDetailVC.m */; };
		005FA6CE1B67A7180036AB89 /* InsidelDetailVC.xib in Resources */ = {isa = PBXBuildFile; fileRef = 005FA6CC1B67A7180036AB89 /* InsidelDetailVC.xib */; };
		0070B40A1B3C2F6700DF17AC /* RecommendationVC.m in Sources */ = {isa = PBXBuildFile; fileRef = 0070B4081B3C2F6700DF17AC /* RecommendationVC.m */; };
		0070B40B1B3C2F6700DF17AC /* RecommendationVC.xib in Resources */ = {isa = PBXBuildFile; fileRef = 0070B4091B3C2F6700DF17AC /* RecommendationVC.xib */; };
		00929D5F1B48C1A0001CFB4D /* LogInUserIonfoModel.m in Sources */ = {isa = PBXBuildFile; fileRef = 00929D5E1B48C1A0001CFB4D /* LogInUserIonfoModel.m */; };
		00929D641B50F542001CFB4D /* LotteryDetailVC.m in Sources */ = {isa = PBXBuildFile; fileRef = 00929D621B50F542001CFB4D /* LotteryDetailVC.m */; };
		00929D651B50F542001CFB4D /* LotteryDetailVC.xib in Resources */ = {isa = PBXBuildFile; fileRef = 00929D631B50F542001CFB4D /* LotteryDetailVC.xib */; };
		00929D6A1B50FAE1001CFB4D /* LotteryDetailCell.m in Sources */ = {isa = PBXBuildFile; fileRef = 00929D681B50FAE1001CFB4D /* LotteryDetailCell.m */; };
		00929D6B1B50FAE1001CFB4D /* LotteryDetailCell.xib in Resources */ = {isa = PBXBuildFile; fileRef = 00929D691B50FAE1001CFB4D /* LotteryDetailCell.xib */; };
		00929D701B53EEA5001CFB4D /* AnnouncementVC.m in Sources */ = {isa = PBXBuildFile; fileRef = 00929D6E1B53EEA5001CFB4D /* AnnouncementVC.m */; };
		00AEE77D1B3EDB1F00577380 /* ChooseLotteryVC.m in Sources */ = {isa = PBXBuildFile; fileRef = 00AEE77B1B3EDB1F00577380 /* ChooseLotteryVC.m */; };
		00AEE77E1B3EDB1F00577380 /* ChooseLotteryVC.xib in Resources */ = {isa = PBXBuildFile; fileRef = 00AEE77C1B3EDB1F00577380 /* ChooseLotteryVC.xib */; };
		00AEE7851B3F05B400577380 /* RecommendViewController.m in Sources */ = {isa = PBXBuildFile; fileRef = 00AEE7841B3F05B400577380 /* RecommendViewController.m */; };
		00CCEA921B43C39100FB6853 /* FFScrollView.m in Sources */ = {isa = PBXBuildFile; fileRef = 00CCEA911B43C39100FB6853 /* FFScrollView.m */; };
		00D277AD1B417B6D0004D35B /* ChooseLotteryCell.m in Sources */ = {isa = PBXBuildFile; fileRef = 00D277AB1B417B6D0004D35B /* ChooseLotteryCell.m */; };
		00D277AE1B417B6D0004D35B /* ChooseLotteryCell.xib in Resources */ = {isa = PBXBuildFile; fileRef = 00D277AC1B417B6D0004D35B /* ChooseLotteryCell.xib */; };
		00D5CD441B2F0C4C007D8E81 /* BYLotteryHallCell.m in Sources */ = {isa = PBXBuildFile; fileRef = 00D5CD421B2F0C4C007D8E81 /* BYLotteryHallCell.m */; };
		00D5CD451B2F0C4C007D8E81 /* BYLotteryHallCell.xib in Resources */ = {isa = PBXBuildFile; fileRef = 00D5CD431B2F0C4C007D8E81 /* BYLotteryHallCell.xib */; };
		00D5CD4A1B2F0CEE007D8E81 /* LotteryResultsCell.m in Sources */ = {isa = PBXBuildFile; fileRef = 00D5CD481B2F0CEE007D8E81 /* LotteryResultsCell.m */; };
		00D5CD4B1B2F0CEE007D8E81 /* LotteryResultsCell.xib in Resources */ = {isa = PBXBuildFile; fileRef = 00D5CD491B2F0CEE007D8E81 /* LotteryResultsCell.xib */; };
		00EDDD6E1B304ED1001F4CB8 /* UIAlertView+DisMiss.m in Sources */ = {isa = PBXBuildFile; fileRef = 00EDDD6D1B304ED1001F4CB8 /* UIAlertView+DisMiss.m */; };
		00EDDD721B305C94001F4CB8 /* CustomDropDownView.m in Sources */ = {isa = PBXBuildFile; fileRef = 00EDDD711B305C94001F4CB8 /* CustomDropDownView.m */; };
		00EDDD811B3070CB001F4CB8 /* DropDownViewCell.m in Sources */ = {isa = PBXBuildFile; fileRef = 00EDDD7F1B3070CB001F4CB8 /* DropDownViewCell.m */; };
		00EDDD821B3070CB001F4CB8 /* DropDownViewCell.xib in Resources */ = {isa = PBXBuildFile; fileRef = 00EDDD801B3070CB001F4CB8 /* DropDownViewCell.xib */; };
		00F579871B2D608A00C5AD45 /* ChannelViewController.m in Sources */ = {isa = PBXBuildFile; fileRef = 00F5797D1B2D608A00C5AD45 /* ChannelViewController.m */; };
		00F579881B2D608A00C5AD45 /* MyProfileViewController.m in Sources */ = {isa = PBXBuildFile; fileRef = 00F579801B2D608A00C5AD45 /* MyProfileViewController.m */; };
		00F5798A1B2D608A00C5AD45 /* TrendViewController.m in Sources */ = {isa = PBXBuildFile; fileRef = 00F579861B2D608A00C5AD45 /* TrendViewController.m */; };
		00F5798E1B2D60FD00C5AD45 /* LoginViewController.m in Sources */ = {isa = PBXBuildFile; fileRef = 00F5798D1B2D60FD00C5AD45 /* LoginViewController.m */; };
		970E4C501B2BF431004544EA /* HTTPClient+User.m in Sources */ = {isa = PBXBuildFile; fileRef = 970E4C4F1B2BF431004544EA /* HTTPClient+User.m */; };
		971DF3F21B3E54BA005CF819 /* OAStackView+Constraint.m in Sources */ = {isa = PBXBuildFile; fileRef = 971DF3E61B3E54BA005CF819 /* OAStackView+Constraint.m */; };
		971DF3F31B3E54BA005CF819 /* OAStackView+Hiding.m in Sources */ = {isa = PBXBuildFile; fileRef = 971DF3E81B3E54BA005CF819 /* OAStackView+Hiding.m */; };
		971DF3F41B3E54BA005CF819 /* OAStackView+Traversal.m in Sources */ = {isa = PBXBuildFile; fileRef = 971DF3EA1B3E54BA005CF819 /* OAStackView+Traversal.m */; };
		971DF3F51B3E54BA005CF819 /* OAStackView.m in Sources */ = {isa = PBXBuildFile; fileRef = 971DF3EC1B3E54BA005CF819 /* OAStackView.m */; };
		971DF3F61B3E54BA005CF819 /* OAStackViewAlignmentStrategy.m in Sources */ = {isa = PBXBuildFile; fileRef = 971DF3EE1B3E54BA005CF819 /* OAStackViewAlignmentStrategy.m */; };
		971DF3F71B3E54BA005CF819 /* OAStackViewDistributionStrategy.m in Sources */ = {isa = PBXBuildFile; fileRef = 971DF3F01B3E54BA005CF819 /* OAStackViewDistributionStrategy.m */; };
		971DF3FD1B3E735C005CF819 /* SegmentButton.m in Sources */ = {isa = PBXBuildFile; fileRef = 971DF3FC1B3E735C005CF819 /* SegmentButton.m */; };
		971DF4011B3E81D1005CF819 /* NumberCellNode.m in Sources */ = {isa = PBXBuildFile; fileRef = 971DF4001B3E81D1005CF819 /* NumberCellNode.m */; };
		9739E81E1B4A7EFF007AF273 /* RecordPageViewController.m in Sources */ = {isa = PBXBuildFile; fileRef = 9739E81C1B4A7EFF007AF273 /* RecordPageViewController.m */; };
		9739E8261B4A91B8007AF273 /* HMSegmentedControl.m in Sources */ = {isa = PBXBuildFile; fileRef = 9739E8251B4A91B8007AF273 /* HMSegmentedControl.m */; };
		9739E82A1B4ABA64007AF273 /* RecordViewController.m in Sources */ = {isa = PBXBuildFile; fileRef = 9739E8281B4ABA64007AF273 /* RecordViewController.m */; };
		9739E82B1B4ABA64007AF273 /* RecordViewController.xib in Resources */ = {isa = PBXBuildFile; fileRef = 9739E8291B4ABA64007AF273 /* RecordViewController.xib */; };
		973C15B81B36BD8600BE608E /* Colours.m in Sources */ = {isa = PBXBuildFile; fileRef = 973C15B71B36BD8600BE608E /* Colours.m */; };
		974563A71B47C41900DDA8A1 /* UINavigationController+JZExtension.m in Sources */ = {isa = PBXBuildFile; fileRef = 974563A61B47C41900DDA8A1 /* UINavigationController+JZExtension.m */; };
		974E85981B11610E00B57C9E /* main.m in Sources */ = {isa = PBXBuildFile; fileRef = 974E85971B11610E00B57C9E /* main.m */; };
		974E859B1B11610E00B57C9E /* AppDelegate.m in Sources */ = {isa = PBXBuildFile; fileRef = 974E859A1B11610E00B57C9E /* AppDelegate.m */; };
		974E859E1B11610E00B57C9E /* RootViewController.m in Sources */ = {isa = PBXBuildFile; fileRef = 974E859D1B11610E00B57C9E /* RootViewController.m */; };
		974E85A11B11610E00B57C9E /* Main.storyboard in Resources */ = {isa = PBXBuildFile; fileRef = 974E859F1B11610E00B57C9E /* Main.storyboard */; };
		974E85A31B11610E00B57C9E /* Images.xcassets in Resources */ = {isa = PBXBuildFile; fileRef = 974E85A21B11610E00B57C9E /* Images.xcassets */; };
		974E85A61B11610E00B57C9E /* LaunchScreen.xib in Resources */ = {isa = PBXBuildFile; fileRef = 974E85A41B11610E00B57C9E /* LaunchScreen.xib */; };
		974E85B21B11610E00B57C9E /* LotteryTests.m in Sources */ = {isa = PBXBuildFile; fileRef = 974E85B11B11610E00B57C9E /* LotteryTests.m */; };
		979BC4ED1B26F6CB00070B0B /* HTTPClient.m in Sources */ = {isa = PBXBuildFile; fileRef = 979BC4EC1B26F6CB00070B0B /* HTTPClient.m */; };
		97D03F591B2FDCE9001FB2C4 /* SelectNumbersCell.m in Sources */ = {isa = PBXBuildFile; fileRef = 97D03F571B2FDCE9001FB2C4 /* SelectNumbersCell.m */; };
		97D03F5A1B2FDCE9001FB2C4 /* SelectNumbersCell.xib in Resources */ = {isa = PBXBuildFile; fileRef = 97D03F581B2FDCE9001FB2C4 /* SelectNumbersCell.xib */; };
		97D03F5E1B2FDE88001FB2C4 /* BuyingViewController.m in Sources */ = {isa = PBXBuildFile; fileRef = 97D03F5C1B2FDE88001FB2C4 /* BuyingViewController.m */; };
		97D03F5F1B2FDE88001FB2C4 /* BuyingViewController.xib in Resources */ = {isa = PBXBuildFile; fileRef = 97D03F5D1B2FDE88001FB2C4 /* BuyingViewController.xib */; };
		97D03F621B2FE1D6001FB2C4 /* NumberButton.m in Sources */ = {isa = PBXBuildFile; fileRef = 97D03F611B2FE1D6001FB2C4 /* NumberButton.m */; };
		97D9E5161B50EA2100048878 /* SettingViewController.m in Sources */ = {isa = PBXBuildFile; fileRef = 97D9E5141B50EA2100048878 /* SettingViewController.m */; };
		97D9E51B1B51028500048878 /* ModifyPasswordViewController.m in Sources */ = {isa = PBXBuildFile; fileRef = 97D9E51A1B51028500048878 /* ModifyPasswordViewController.m */; };
		97D9E51F1B510D9400048878 /* VertifyQuestionViewController.m in Sources */ = {isa = PBXBuildFile; fileRef = 97D9E51E1B510D9400048878 /* VertifyQuestionViewController.m */; };
		97D9E5231B51152E00048878 /* BankCardManageViewController.m in Sources */ = {isa = PBXBuildFile; fileRef = 97D9E5221B51152E00048878 /* BankCardManageViewController.m */; };
		97D9E52B1B51519400048878 /* DropButton.m in Sources */ = {isa = PBXBuildFile; fileRef = 97D9E52A1B51519400048878 /* DropButton.m */; };
		97EF65051B5B793E0087C2AE /* LotteryRecord.m in Sources */ = {isa = PBXBuildFile; fileRef = 97EF65041B5B793E0087C2AE /* LotteryRecord.m */; };
		97EF65091B5B7F760087C2AE /* LotteryRecordCell.m in Sources */ = {isa = PBXBuildFile; fileRef = 97EF65071B5B7F760087C2AE /* LotteryRecordCell.m */; };
		97EF650A1B5B7F760087C2AE /* LotteryRecordCell.xib in Resources */ = {isa = PBXBuildFile; fileRef = 97EF65081B5B7F760087C2AE /* LotteryRecordCell.xib */; };
		F0997D21EEE09A40B4846F6B /* libPods.a in Frameworks */ = {isa = PBXBuildFile; fileRef = 8C01377733245E06688A8F6B /* libPods.a */; };
/* End PBXBuildFile section */

/* Begin PBXContainerItemProxy section */
		974E85AC1B11610E00B57C9E /* PBXContainerItemProxy */ = {
			isa = PBXContainerItemProxy;
			containerPortal = 974E858A1B11610E00B57C9E /* Project object */;
			proxyType = 1;
			remoteGlobalIDString = 974E85911B11610E00B57C9E;
			remoteInfo = Lottery;
		};
/* End PBXContainerItemProxy section */

/* Begin PBXFileReference section */
		005FA6C21B5FCDDC0036AB89 /* AccountViewController.h */ = {isa = PBXFileReference; fileEncoding = 4; lastKnownFileType = sourcecode.c.h; path = AccountViewController.h; sourceTree = "<group>"; };
		005FA6C31B5FCDDC0036AB89 /* AccountViewController.m */ = {isa = PBXFileReference; fileEncoding = 4; lastKnownFileType = sourcecode.c.objc; path = AccountViewController.m; sourceTree = "<group>"; };
		005FA6C51B67A6F90036AB89 /* AnnouncementDetailVC.h */ = {isa = PBXFileReference; fileEncoding = 4; lastKnownFileType = sourcecode.c.h; path = AnnouncementDetailVC.h; sourceTree = "<group>"; };
		005FA6C61B67A6F90036AB89 /* AnnouncementDetailVC.m */ = {isa = PBXFileReference; fileEncoding = 4; lastKnownFileType = sourcecode.c.objc; path = AnnouncementDetailVC.m; sourceTree = "<group>"; };
		005FA6C71B67A6F90036AB89 /* AnnouncementDetailVC.xib */ = {isa = PBXFileReference; fileEncoding = 4; lastKnownFileType = file.xib; path = AnnouncementDetailVC.xib; sourceTree = "<group>"; };
		005FA6CA1B67A7180036AB89 /* InsidelDetailVC.h */ = {isa = PBXFileReference; fileEncoding = 4; lastKnownFileType = sourcecode.c.h; path = InsidelDetailVC.h; sourceTree = "<group>"; };
		005FA6CB1B67A7180036AB89 /* InsidelDetailVC.m */ = {isa = PBXFileReference; fileEncoding = 4; lastKnownFileType = sourcecode.c.objc; path = InsidelDetailVC.m; sourceTree = "<group>"; };
		005FA6CC1B67A7180036AB89 /* InsidelDetailVC.xib */ = {isa = PBXFileReference; fileEncoding = 4; lastKnownFileType = file.xib; path = InsidelDetailVC.xib; sourceTree = "<group>"; };
		0070B4071B3C2F6700DF17AC /* RecommendationVC.h */ = {isa = PBXFileReference; fileEncoding = 4; lastKnownFileType = sourcecode.c.h; path = RecommendationVC.h; sourceTree = "<group>"; };
		0070B4081B3C2F6700DF17AC /* RecommendationVC.m */ = {isa = PBXFileReference; fileEncoding = 4; lastKnownFileType = sourcecode.c.objc; path = RecommendationVC.m; sourceTree = "<group>"; };
		0070B4091B3C2F6700DF17AC /* RecommendationVC.xib */ = {isa = PBXFileReference; fileEncoding = 4; lastKnownFileType = file.xib; path = RecommendationVC.xib; sourceTree = "<group>"; };
		00929D5D1B48C1A0001CFB4D /* LogInUserIonfoModel.h */ = {isa = PBXFileReference; fileEncoding = 4; lastKnownFileType = sourcecode.c.h; name = LogInUserIonfoModel.h; path = "Lottery/Controllers/Recommendation/选择彩种/彩种选择cell/LogInUserIonfoModel.h"; sourceTree = SOURCE_ROOT; };
		00929D5E1B48C1A0001CFB4D /* LogInUserIonfoModel.m */ = {isa = PBXFileReference; fileEncoding = 4; lastKnownFileType = sourcecode.c.objc; name = LogInUserIonfoModel.m; path = "Lottery/Controllers/Recommendation/选择彩种/彩种选择cell/LogInUserIonfoModel.m"; sourceTree = SOURCE_ROOT; };
		00929D611B50F542001CFB4D /* LotteryDetailVC.h */ = {isa = PBXFileReference; fileEncoding = 4; lastKnownFileType = sourcecode.c.h; path = LotteryDetailVC.h; sourceTree = "<group>"; };
		00929D621B50F542001CFB4D /* LotteryDetailVC.m */ = {isa = PBXFileReference; fileEncoding = 4; lastKnownFileType = sourcecode.c.objc; path = LotteryDetailVC.m; sourceTree = "<group>"; };
		00929D631B50F542001CFB4D /* LotteryDetailVC.xib */ = {isa = PBXFileReference; fileEncoding = 4; lastKnownFileType = file.xib; path = LotteryDetailVC.xib; sourceTree = "<group>"; };
		00929D671B50FAE1001CFB4D /* LotteryDetailCell.h */ = {isa = PBXFileReference; fileEncoding = 4; lastKnownFileType = sourcecode.c.h; path = LotteryDetailCell.h; sourceTree = "<group>"; };
		00929D681B50FAE1001CFB4D /* LotteryDetailCell.m */ = {isa = PBXFileReference; fileEncoding = 4; lastKnownFileType = sourcecode.c.objc; path = LotteryDetailCell.m; sourceTree = "<group>"; };
		00929D691B50FAE1001CFB4D /* LotteryDetailCell.xib */ = {isa = PBXFileReference; fileEncoding = 4; lastKnownFileType = file.xib; path = LotteryDetailCell.xib; sourceTree = "<group>"; };
		00929D6D1B53EEA5001CFB4D /* AnnouncementVC.h */ = {isa = PBXFileReference; fileEncoding = 4; lastKnownFileType = sourcecode.c.h; path = AnnouncementVC.h; sourceTree = "<group>"; };
		00929D6E1B53EEA5001CFB4D /* AnnouncementVC.m */ = {isa = PBXFileReference; fileEncoding = 4; lastKnownFileType = sourcecode.c.objc; path = AnnouncementVC.m; sourceTree = "<group>"; };
		00AEE7771B3E805300577380 /* Lottery.pch */ = {isa = PBXFileReference; fileEncoding = 4; lastKnownFileType = sourcecode.c.h; path = Lottery.pch; sourceTree = "<group>"; };
		00AEE77A1B3EDB1F00577380 /* ChooseLotteryVC.h */ = {isa = PBXFileReference; fileEncoding = 4; lastKnownFileType = sourcecode.c.h; path = ChooseLotteryVC.h; sourceTree = "<group>"; };
		00AEE77B1B3EDB1F00577380 /* ChooseLotteryVC.m */ = {isa = PBXFileReference; fileEncoding = 4; lastKnownFileType = sourcecode.c.objc; path = ChooseLotteryVC.m; sourceTree = "<group>"; };
		00AEE77C1B3EDB1F00577380 /* ChooseLotteryVC.xib */ = {isa = PBXFileReference; fileEncoding = 4; lastKnownFileType = file.xib; path = ChooseLotteryVC.xib; sourceTree = "<group>"; };
		00AEE7831B3F05B400577380 /* RecommendViewController.h */ = {isa = PBXFileReference; fileEncoding = 4; lastKnownFileType = sourcecode.c.h; path = RecommendViewController.h; sourceTree = "<group>"; };
		00AEE7841B3F05B400577380 /* RecommendViewController.m */ = {isa = PBXFileReference; fileEncoding = 4; lastKnownFileType = sourcecode.c.objc; path = RecommendViewController.m; sourceTree = "<group>"; };
		00CCEA901B43C39100FB6853 /* FFScrollView.h */ = {isa = PBXFileReference; fileEncoding = 4; lastKnownFileType = sourcecode.c.h; path = FFScrollView.h; sourceTree = "<group>"; };
		00CCEA911B43C39100FB6853 /* FFScrollView.m */ = {isa = PBXFileReference; fileEncoding = 4; lastKnownFileType = sourcecode.c.objc; path = FFScrollView.m; sourceTree = "<group>"; };
		00D277AA1B417B6D0004D35B /* ChooseLotteryCell.h */ = {isa = PBXFileReference; fileEncoding = 4; lastKnownFileType = sourcecode.c.h; path = ChooseLotteryCell.h; sourceTree = "<group>"; };
		00D277AB1B417B6D0004D35B /* ChooseLotteryCell.m */ = {isa = PBXFileReference; fileEncoding = 4; lastKnownFileType = sourcecode.c.objc; path = ChooseLotteryCell.m; sourceTree = "<group>"; };
		00D277AC1B417B6D0004D35B /* ChooseLotteryCell.xib */ = {isa = PBXFileReference; fileEncoding = 4; lastKnownFileType = file.xib; path = ChooseLotteryCell.xib; sourceTree = "<group>"; };
		00D5CD411B2F0C4C007D8E81 /* BYLotteryHallCell.h */ = {isa = PBXFileReference; fileEncoding = 4; lastKnownFileType = sourcecode.c.h; path = BYLotteryHallCell.h; sourceTree = "<group>"; };
		00D5CD421B2F0C4C007D8E81 /* BYLotteryHallCell.m */ = {isa = PBXFileReference; fileEncoding = 4; lastKnownFileType = sourcecode.c.objc; path = BYLotteryHallCell.m; sourceTree = "<group>"; };
		00D5CD431B2F0C4C007D8E81 /* BYLotteryHallCell.xib */ = {isa = PBXFileReference; fileEncoding = 4; lastKnownFileType = file.xib; path = BYLotteryHallCell.xib; sourceTree = "<group>"; };
		00D5CD471B2F0CEE007D8E81 /* LotteryResultsCell.h */ = {isa = PBXFileReference; fileEncoding = 4; lastKnownFileType = sourcecode.c.h; path = LotteryResultsCell.h; sourceTree = "<group>"; };
		00D5CD481B2F0CEE007D8E81 /* LotteryResultsCell.m */ = {isa = PBXFileReference; fileEncoding = 4; lastKnownFileType = sourcecode.c.objc; path = LotteryResultsCell.m; sourceTree = "<group>"; };
		00D5CD491B2F0CEE007D8E81 /* LotteryResultsCell.xib */ = {isa = PBXFileReference; fileEncoding = 4; lastKnownFileType = file.xib; path = LotteryResultsCell.xib; sourceTree = "<group>"; };
		00EDDD6C1B304ED1001F4CB8 /* UIAlertView+DisMiss.h */ = {isa = PBXFileReference; fileEncoding = 4; lastKnownFileType = sourcecode.c.h; path = "UIAlertView+DisMiss.h"; sourceTree = "<group>"; };
		00EDDD6D1B304ED1001F4CB8 /* UIAlertView+DisMiss.m */ = {isa = PBXFileReference; fileEncoding = 4; lastKnownFileType = sourcecode.c.objc; path = "UIAlertView+DisMiss.m"; sourceTree = "<group>"; };
		00EDDD701B305C94001F4CB8 /* CustomDropDownView.h */ = {isa = PBXFileReference; fileEncoding = 4; lastKnownFileType = sourcecode.c.h; path = CustomDropDownView.h; sourceTree = "<group>"; };
		00EDDD711B305C94001F4CB8 /* CustomDropDownView.m */ = {isa = PBXFileReference; fileEncoding = 4; lastKnownFileType = sourcecode.c.objc; path = CustomDropDownView.m; sourceTree = "<group>"; };
		00EDDD7E1B3070CB001F4CB8 /* DropDownViewCell.h */ = {isa = PBXFileReference; fileEncoding = 4; lastKnownFileType = sourcecode.c.h; path = DropDownViewCell.h; sourceTree = "<group>"; };
		00EDDD7F1B3070CB001F4CB8 /* DropDownViewCell.m */ = {isa = PBXFileReference; fileEncoding = 4; lastKnownFileType = sourcecode.c.objc; path = DropDownViewCell.m; sourceTree = "<group>"; };
		00EDDD801B3070CB001F4CB8 /* DropDownViewCell.xib */ = {isa = PBXFileReference; fileEncoding = 4; lastKnownFileType = file.xib; path = DropDownViewCell.xib; sourceTree = "<group>"; };
		00F5797C1B2D608A00C5AD45 /* ChannelViewController.h */ = {isa = PBXFileReference; fileEncoding = 4; lastKnownFileType = sourcecode.c.h; path = ChannelViewController.h; sourceTree = "<group>"; };
		00F5797D1B2D608A00C5AD45 /* ChannelViewController.m */ = {isa = PBXFileReference; fileEncoding = 4; lastKnownFileType = sourcecode.c.objc; path = ChannelViewController.m; sourceTree = "<group>"; };
		00F5797F1B2D608A00C5AD45 /* MyProfileViewController.h */ = {isa = PBXFileReference; fileEncoding = 4; lastKnownFileType = sourcecode.c.h; path = MyProfileViewController.h; sourceTree = "<group>"; };
		00F579801B2D608A00C5AD45 /* MyProfileViewController.m */ = {isa = PBXFileReference; fileEncoding = 4; lastKnownFileType = sourcecode.c.objc; path = MyProfileViewController.m; sourceTree = "<group>"; };
		00F579851B2D608A00C5AD45 /* TrendViewController.h */ = {isa = PBXFileReference; fileEncoding = 4; lastKnownFileType = sourcecode.c.h; path = TrendViewController.h; sourceTree = "<group>"; };
		00F579861B2D608A00C5AD45 /* TrendViewController.m */ = {isa = PBXFileReference; fileEncoding = 4; lastKnownFileType = sourcecode.c.objc; path = TrendViewController.m; sourceTree = "<group>"; };
		00F5798C1B2D60FD00C5AD45 /* LoginViewController.h */ = {isa = PBXFileReference; fileEncoding = 4; lastKnownFileType = sourcecode.c.h; path = LoginViewController.h; sourceTree = "<group>"; };
		00F5798D1B2D60FD00C5AD45 /* LoginViewController.m */ = {isa = PBXFileReference; fileEncoding = 4; lastKnownFileType = sourcecode.c.objc; path = LoginViewController.m; sourceTree = "<group>"; };
		8C01377733245E06688A8F6B /* libPods.a */ = {isa = PBXFileReference; explicitFileType = archive.ar; includeInIndex = 0; path = libPods.a; sourceTree = BUILT_PRODUCTS_DIR; };
		970E4C4E1B2BF431004544EA /* HTTPClient+User.h */ = {isa = PBXFileReference; fileEncoding = 4; lastKnownFileType = sourcecode.c.h; path = "HTTPClient+User.h"; sourceTree = "<group>"; };
		970E4C4F1B2BF431004544EA /* HTTPClient+User.m */ = {isa = PBXFileReference; fileEncoding = 4; lastKnownFileType = sourcecode.c.objc; path = "HTTPClient+User.m"; sourceTree = "<group>"; };
		970E4C521B2BF4C8004544EA /* HTTPConfigs.h */ = {isa = PBXFileReference; fileEncoding = 4; lastKnownFileType = sourcecode.c.h; path = HTTPConfigs.h; sourceTree = "<group>"; };
		971DF3E51B3E54BA005CF819 /* OAStackView+Constraint.h */ = {isa = PBXFileReference; fileEncoding = 4; lastKnownFileType = sourcecode.c.h; path = "OAStackView+Constraint.h"; sourceTree = "<group>"; };
		971DF3E61B3E54BA005CF819 /* OAStackView+Constraint.m */ = {isa = PBXFileReference; fileEncoding = 4; lastKnownFileType = sourcecode.c.objc; path = "OAStackView+Constraint.m"; sourceTree = "<group>"; };
		971DF3E71B3E54BA005CF819 /* OAStackView+Hiding.h */ = {isa = PBXFileReference; fileEncoding = 4; lastKnownFileType = sourcecode.c.h; path = "OAStackView+Hiding.h"; sourceTree = "<group>"; };
		971DF3E81B3E54BA005CF819 /* OAStackView+Hiding.m */ = {isa = PBXFileReference; fileEncoding = 4; lastKnownFileType = sourcecode.c.objc; path = "OAStackView+Hiding.m"; sourceTree = "<group>"; };
		971DF3E91B3E54BA005CF819 /* OAStackView+Traversal.h */ = {isa = PBXFileReference; fileEncoding = 4; lastKnownFileType = sourcecode.c.h; path = "OAStackView+Traversal.h"; sourceTree = "<group>"; };
		971DF3EA1B3E54BA005CF819 /* OAStackView+Traversal.m */ = {isa = PBXFileReference; fileEncoding = 4; lastKnownFileType = sourcecode.c.objc; path = "OAStackView+Traversal.m"; sourceTree = "<group>"; };
		971DF3EB1B3E54BA005CF819 /* OAStackView.h */ = {isa = PBXFileReference; fileEncoding = 4; lastKnownFileType = sourcecode.c.h; path = OAStackView.h; sourceTree = "<group>"; };
		971DF3EC1B3E54BA005CF819 /* OAStackView.m */ = {isa = PBXFileReference; fileEncoding = 4; lastKnownFileType = sourcecode.c.objc; path = OAStackView.m; sourceTree = "<group>"; };
		971DF3ED1B3E54BA005CF819 /* OAStackViewAlignmentStrategy.h */ = {isa = PBXFileReference; fileEncoding = 4; lastKnownFileType = sourcecode.c.h; path = OAStackViewAlignmentStrategy.h; sourceTree = "<group>"; };
		971DF3EE1B3E54BA005CF819 /* OAStackViewAlignmentStrategy.m */ = {isa = PBXFileReference; fileEncoding = 4; lastKnownFileType = sourcecode.c.objc; path = OAStackViewAlignmentStrategy.m; sourceTree = "<group>"; };
		971DF3EF1B3E54BA005CF819 /* OAStackViewDistributionStrategy.h */ = {isa = PBXFileReference; fileEncoding = 4; lastKnownFileType = sourcecode.c.h; path = OAStackViewDistributionStrategy.h; sourceTree = "<group>"; };
		971DF3F01B3E54BA005CF819 /* OAStackViewDistributionStrategy.m */ = {isa = PBXFileReference; fileEncoding = 4; lastKnownFileType = sourcecode.c.objc; path = OAStackViewDistributionStrategy.m; sourceTree = "<group>"; };
		971DF3FB1B3E735C005CF819 /* SegmentButton.h */ = {isa = PBXFileReference; fileEncoding = 4; lastKnownFileType = sourcecode.c.h; path = SegmentButton.h; sourceTree = "<group>"; };
		971DF3FC1B3E735C005CF819 /* SegmentButton.m */ = {isa = PBXFileReference; fileEncoding = 4; lastKnownFileType = sourcecode.c.objc; path = SegmentButton.m; sourceTree = "<group>"; };
		971DF3FF1B3E81D1005CF819 /* NumberCellNode.h */ = {isa = PBXFileReference; fileEncoding = 4; lastKnownFileType = sourcecode.c.h; path = NumberCellNode.h; sourceTree = "<group>"; };
		971DF4001B3E81D1005CF819 /* NumberCellNode.m */ = {isa = PBXFileReference; fileEncoding = 4; lastKnownFileType = sourcecode.c.objc; path = NumberCellNode.m; sourceTree = "<group>"; };
		9739E81B1B4A7EFF007AF273 /* RecordPageViewController.h */ = {isa = PBXFileReference; fileEncoding = 4; lastKnownFileType = sourcecode.c.h; path = RecordPageViewController.h; sourceTree = "<group>"; };
		9739E81C1B4A7EFF007AF273 /* RecordPageViewController.m */ = {isa = PBXFileReference; fileEncoding = 4; lastKnownFileType = sourcecode.c.objc; path = RecordPageViewController.m; sourceTree = "<group>"; };
		9739E8241B4A91B8007AF273 /* HMSegmentedControl.h */ = {isa = PBXFileReference; fileEncoding = 4; lastKnownFileType = sourcecode.c.h; path = HMSegmentedControl.h; sourceTree = "<group>"; };
		9739E8251B4A91B8007AF273 /* HMSegmentedControl.m */ = {isa = PBXFileReference; fileEncoding = 4; lastKnownFileType = sourcecode.c.objc; path = HMSegmentedControl.m; sourceTree = "<group>"; };
		9739E8271B4ABA64007AF273 /* RecordViewController.h */ = {isa = PBXFileReference; fileEncoding = 4; lastKnownFileType = sourcecode.c.h; path = RecordViewController.h; sourceTree = "<group>"; };
		9739E8281B4ABA64007AF273 /* RecordViewController.m */ = {isa = PBXFileReference; fileEncoding = 4; lastKnownFileType = sourcecode.c.objc; path = RecordViewController.m; sourceTree = "<group>"; };
		9739E8291B4ABA64007AF273 /* RecordViewController.xib */ = {isa = PBXFileReference; fileEncoding = 4; lastKnownFileType = file.xib; path = RecordViewController.xib; sourceTree = "<group>"; };
		973C15B61B36BD8600BE608E /* Colours.h */ = {isa = PBXFileReference; fileEncoding = 4; lastKnownFileType = sourcecode.c.h; path = Colours.h; sourceTree = "<group>"; };
		973C15B71B36BD8600BE608E /* Colours.m */ = {isa = PBXFileReference; fileEncoding = 4; lastKnownFileType = sourcecode.c.objc; path = Colours.m; sourceTree = "<group>"; };
		974563A31B47B86C00DDA8A1 /* Macros.h */ = {isa = PBXFileReference; lastKnownFileType = sourcecode.c.h; path = Macros.h; sourceTree = "<group>"; };
		974563A51B47C41900DDA8A1 /* UINavigationController+JZExtension.h */ = {isa = PBXFileReference; fileEncoding = 4; lastKnownFileType = sourcecode.c.h; path = "UINavigationController+JZExtension.h"; sourceTree = "<group>"; };
		974563A61B47C41900DDA8A1 /* UINavigationController+JZExtension.m */ = {isa = PBXFileReference; fileEncoding = 4; lastKnownFileType = sourcecode.c.objc; path = "UINavigationController+JZExtension.m"; sourceTree = "<group>"; };
		974E85921B11610E00B57C9E /* Lottery.app */ = {isa = PBXFileReference; explicitFileType = wrapper.application; includeInIndex = 0; path = Lottery.app; sourceTree = BUILT_PRODUCTS_DIR; };
		974E85961B11610E00B57C9E /* Info.plist */ = {isa = PBXFileReference; lastKnownFileType = text.plist.xml; path = Info.plist; sourceTree = "<group>"; };
		974E85971B11610E00B57C9E /* main.m */ = {isa = PBXFileReference; lastKnownFileType = sourcecode.c.objc; path = main.m; sourceTree = "<group>"; };
		974E85991B11610E00B57C9E /* AppDelegate.h */ = {isa = PBXFileReference; lastKnownFileType = sourcecode.c.h; path = AppDelegate.h; sourceTree = "<group>"; };
		974E859A1B11610E00B57C9E /* AppDelegate.m */ = {isa = PBXFileReference; lastKnownFileType = sourcecode.c.objc; path = AppDelegate.m; sourceTree = "<group>"; };
		974E859C1B11610E00B57C9E /* RootViewController.h */ = {isa = PBXFileReference; lastKnownFileType = sourcecode.c.h; path = RootViewController.h; sourceTree = "<group>"; };
		974E859D1B11610E00B57C9E /* RootViewController.m */ = {isa = PBXFileReference; lastKnownFileType = sourcecode.c.objc; path = RootViewController.m; sourceTree = "<group>"; };
		974E85A01B11610E00B57C9E /* Base */ = {isa = PBXFileReference; lastKnownFileType = file.storyboard; name = Base; path = Base.lproj/Main.storyboard; sourceTree = "<group>"; };
		974E85A21B11610E00B57C9E /* Images.xcassets */ = {isa = PBXFileReference; lastKnownFileType = folder.assetcatalog; path = Images.xcassets; sourceTree = "<group>"; };
		974E85A51B11610E00B57C9E /* Base */ = {isa = PBXFileReference; lastKnownFileType = file.xib; name = Base; path = Base.lproj/LaunchScreen.xib; sourceTree = "<group>"; };
		974E85AB1B11610E00B57C9E /* LotteryTests.xctest */ = {isa = PBXFileReference; explicitFileType = wrapper.cfbundle; includeInIndex = 0; path = LotteryTests.xctest; sourceTree = BUILT_PRODUCTS_DIR; };
		974E85B01B11610E00B57C9E /* Info.plist */ = {isa = PBXFileReference; lastKnownFileType = text.plist.xml; path = Info.plist; sourceTree = "<group>"; };
		974E85B11B11610E00B57C9E /* LotteryTests.m */ = {isa = PBXFileReference; lastKnownFileType = sourcecode.c.objc; path = LotteryTests.m; sourceTree = "<group>"; };
		979BC4EB1B26F6CB00070B0B /* HTTPClient.h */ = {isa = PBXFileReference; fileEncoding = 4; lastKnownFileType = sourcecode.c.h; path = HTTPClient.h; sourceTree = "<group>"; };
		979BC4EC1B26F6CB00070B0B /* HTTPClient.m */ = {isa = PBXFileReference; fileEncoding = 4; lastKnownFileType = sourcecode.c.objc; path = HTTPClient.m; sourceTree = "<group>"; };
		97D03F561B2FDCE9001FB2C4 /* SelectNumbersCell.h */ = {isa = PBXFileReference; fileEncoding = 4; lastKnownFileType = sourcecode.c.h; path = SelectNumbersCell.h; sourceTree = "<group>"; };
		97D03F571B2FDCE9001FB2C4 /* SelectNumbersCell.m */ = {isa = PBXFileReference; fileEncoding = 4; lastKnownFileType = sourcecode.c.objc; path = SelectNumbersCell.m; sourceTree = "<group>"; };
		97D03F581B2FDCE9001FB2C4 /* SelectNumbersCell.xib */ = {isa = PBXFileReference; fileEncoding = 4; lastKnownFileType = file.xib; path = SelectNumbersCell.xib; sourceTree = "<group>"; };
		97D03F5B1B2FDE88001FB2C4 /* BuyingViewController.h */ = {isa = PBXFileReference; fileEncoding = 4; lastKnownFileType = sourcecode.c.h; path = BuyingViewController.h; sourceTree = "<group>"; };
		97D03F5C1B2FDE88001FB2C4 /* BuyingViewController.m */ = {isa = PBXFileReference; fileEncoding = 4; lastKnownFileType = sourcecode.c.objc; path = BuyingViewController.m; sourceTree = "<group>"; };
		97D03F5D1B2FDE88001FB2C4 /* BuyingViewController.xib */ = {isa = PBXFileReference; fileEncoding = 4; lastKnownFileType = file.xib; path = BuyingViewController.xib; sourceTree = "<group>"; };
		97D03F601B2FE1D6001FB2C4 /* NumberButton.h */ = {isa = PBXFileReference; fileEncoding = 4; lastKnownFileType = sourcecode.c.h; path = NumberButton.h; sourceTree = "<group>"; };
		97D03F611B2FE1D6001FB2C4 /* NumberButton.m */ = {isa = PBXFileReference; fileEncoding = 4; lastKnownFileType = sourcecode.c.objc; path = NumberButton.m; sourceTree = "<group>"; };
		97D9E5131B50EA2100048878 /* SettingViewController.h */ = {isa = PBXFileReference; fileEncoding = 4; lastKnownFileType = sourcecode.c.h; path = SettingViewController.h; sourceTree = "<group>"; };
		97D9E5141B50EA2100048878 /* SettingViewController.m */ = {isa = PBXFileReference; fileEncoding = 4; lastKnownFileType = sourcecode.c.objc; path = SettingViewController.m; sourceTree = "<group>"; };
		97D9E5191B51028500048878 /* ModifyPasswordViewController.h */ = {isa = PBXFileReference; fileEncoding = 4; lastKnownFileType = sourcecode.c.h; path = ModifyPasswordViewController.h; sourceTree = "<group>"; };
		97D9E51A1B51028500048878 /* ModifyPasswordViewController.m */ = {isa = PBXFileReference; fileEncoding = 4; lastKnownFileType = sourcecode.c.objc; path = ModifyPasswordViewController.m; sourceTree = "<group>"; };
		97D9E51D1B510D9400048878 /* VertifyQuestionViewController.h */ = {isa = PBXFileReference; fileEncoding = 4; lastKnownFileType = sourcecode.c.h; path = VertifyQuestionViewController.h; sourceTree = "<group>"; };
		97D9E51E1B510D9400048878 /* VertifyQuestionViewController.m */ = {isa = PBXFileReference; fileEncoding = 4; lastKnownFileType = sourcecode.c.objc; path = VertifyQuestionViewController.m; sourceTree = "<group>"; };
		97D9E5211B51152E00048878 /* BankCardManageViewController.h */ = {isa = PBXFileReference; fileEncoding = 4; lastKnownFileType = sourcecode.c.h; path = BankCardManageViewController.h; sourceTree = "<group>"; };
		97D9E5221B51152E00048878 /* BankCardManageViewController.m */ = {isa = PBXFileReference; fileEncoding = 4; lastKnownFileType = sourcecode.c.objc; path = BankCardManageViewController.m; sourceTree = "<group>"; };
		97D9E5291B51519400048878 /* DropButton.h */ = {isa = PBXFileReference; fileEncoding = 4; lastKnownFileType = sourcecode.c.h; path = DropButton.h; sourceTree = "<group>"; };
		97D9E52A1B51519400048878 /* DropButton.m */ = {isa = PBXFileReference; fileEncoding = 4; lastKnownFileType = sourcecode.c.objc; path = DropButton.m; sourceTree = "<group>"; };
		97EF65031B5B793E0087C2AE /* LotteryRecord.h */ = {isa = PBXFileReference; fileEncoding = 4; lastKnownFileType = sourcecode.c.h; name = LotteryRecord.h; path = Lottery/views/LotteryRecord.h; sourceTree = SOURCE_ROOT; };
		97EF65041B5B793E0087C2AE /* LotteryRecord.m */ = {isa = PBXFileReference; fileEncoding = 4; lastKnownFileType = sourcecode.c.objc; name = LotteryRecord.m; path = Lottery/views/LotteryRecord.m; sourceTree = SOURCE_ROOT; };
		97EF65061B5B7F760087C2AE /* LotteryRecordCell.h */ = {isa = PBXFileReference; fileEncoding = 4; lastKnownFileType = sourcecode.c.h; path = LotteryRecordCell.h; sourceTree = "<group>"; };
		97EF65071B5B7F760087C2AE /* LotteryRecordCell.m */ = {isa = PBXFileReference; fileEncoding = 4; lastKnownFileType = sourcecode.c.objc; path = LotteryRecordCell.m; sourceTree = "<group>"; };
		97EF65081B5B7F760087C2AE /* LotteryRecordCell.xib */ = {isa = PBXFileReference; fileEncoding = 4; lastKnownFileType = file.xib; path = LotteryRecordCell.xib; sourceTree = "<group>"; };
		B8737ABB975CB6FB974DA51D /* Pods.release.xcconfig */ = {isa = PBXFileReference; includeInIndex = 1; lastKnownFileType = text.xcconfig; name = Pods.release.xcconfig; path = "Pods/Target Support Files/Pods/Pods.release.xcconfig"; sourceTree = "<group>"; };
		D007C86A7ABE68F0E5D2E609 /* Pods.debug.xcconfig */ = {isa = PBXFileReference; includeInIndex = 1; lastKnownFileType = text.xcconfig; name = Pods.debug.xcconfig; path = "Pods/Target Support Files/Pods/Pods.debug.xcconfig"; sourceTree = "<group>"; };
/* End PBXFileReference section */

/* Begin PBXFrameworksBuildPhase section */
		974E858F1B11610E00B57C9E /* Frameworks */ = {
			isa = PBXFrameworksBuildPhase;
			buildActionMask = 2147483647;
			files = (
				F0997D21EEE09A40B4846F6B /* libPods.a in Frameworks */,
			);
			runOnlyForDeploymentPostprocessing = 0;
		};
		974E85A81B11610E00B57C9E /* Frameworks */ = {
			isa = PBXFrameworksBuildPhase;
			buildActionMask = 2147483647;
			files = (
			);
			runOnlyForDeploymentPostprocessing = 0;
		};
/* End PBXFrameworksBuildPhase section */

/* Begin PBXGroup section */
		005FA6C11B5FCD4C0036AB89 /* 账户明细 */ = {
			isa = PBXGroup;
			children = (
				005FA6C21B5FCDDC0036AB89 /* AccountViewController.h */,
				005FA6C31B5FCDDC0036AB89 /* AccountViewController.m */,
			);
			path = "账户明细";
			sourceTree = "<group>";
		};
		00929D601B50F383001CFB4D /* detailOfLotteryResult */ = {
			isa = PBXGroup;
			children = (
				00929D661B50FAC1001CFB4D /* lotteryDetailCell */,
				00929D611B50F542001CFB4D /* LotteryDetailVC.h */,
				00929D621B50F542001CFB4D /* LotteryDetailVC.m */,
				00929D631B50F542001CFB4D /* LotteryDetailVC.xib */,
			);
			path = detailOfLotteryResult;
			sourceTree = "<group>";
		};
		00929D661B50FAC1001CFB4D /* lotteryDetailCell */ = {
			isa = PBXGroup;
			children = (
				00929D671B50FAE1001CFB4D /* LotteryDetailCell.h */,
				00929D681B50FAE1001CFB4D /* LotteryDetailCell.m */,
				00929D691B50FAE1001CFB4D /* LotteryDetailCell.xib */,
			);
			path = lotteryDetailCell;
			sourceTree = "<group>";
		};
		00929D6C1B53EE12001CFB4D /* 系统公告 */ = {
			isa = PBXGroup;
			children = (
				00929D6D1B53EEA5001CFB4D /* AnnouncementVC.h */,
				00929D6E1B53EEA5001CFB4D /* AnnouncementVC.m */,
				005FA6C51B67A6F90036AB89 /* AnnouncementDetailVC.h */,
				005FA6C61B67A6F90036AB89 /* AnnouncementDetailVC.m */,
				005FA6C71B67A6F90036AB89 /* AnnouncementDetailVC.xib */,
				005FA6CA1B67A7180036AB89 /* InsidelDetailVC.h */,
				005FA6CB1B67A7180036AB89 /* InsidelDetailVC.m */,
				005FA6CC1B67A7180036AB89 /* InsidelDetailVC.xib */,
			);
			path = "系统公告";
			sourceTree = "<group>";
		};
		00AEE7781B3E93FE00577380 /* childController */ = {
			isa = PBXGroup;
			children = (
				0070B4071B3C2F6700DF17AC /* RecommendationVC.h */,
				0070B4081B3C2F6700DF17AC /* RecommendationVC.m */,
				0070B4091B3C2F6700DF17AC /* RecommendationVC.xib */,
			);
			name = childController;
			sourceTree = "<group>";
		};
		00AEE7791B3EDAB500577380 /* 选择彩种 */ = {
			isa = PBXGroup;
			children = (
				00D277A91B417B3F0004D35B /* 彩种选择cell */,
				00AEE77A1B3EDB1F00577380 /* ChooseLotteryVC.h */,
				00AEE77B1B3EDB1F00577380 /* ChooseLotteryVC.m */,
				00AEE77C1B3EDB1F00577380 /* ChooseLotteryVC.xib */,
			);
			path = "选择彩种";
			sourceTree = "<group>";
		};
		00D277A91B417B3F0004D35B /* 彩种选择cell */ = {
			isa = PBXGroup;
			children = (
				00D277AA1B417B6D0004D35B /* ChooseLotteryCell.h */,
				00D277AB1B417B6D0004D35B /* ChooseLotteryCell.m */,
				00D277AC1B417B6D0004D35B /* ChooseLotteryCell.xib */,
			);
			path = "彩种选择cell";
			sourceTree = "<group>";
		};
		00D5CD401B2F0C4C007D8E81 /* BuylotteryHallCell */ = {
			isa = PBXGroup;
			children = (
				00D5CD411B2F0C4C007D8E81 /* BYLotteryHallCell.h */,
				00D5CD421B2F0C4C007D8E81 /* BYLotteryHallCell.m */,
				00D5CD431B2F0C4C007D8E81 /* BYLotteryHallCell.xib */,
			);
			name = BuylotteryHallCell;
			path = ../../views/BuylotteryHallCell;
			sourceTree = "<group>";
		};
		00D5CD461B2F0CB0007D8E81 /* lotteryResultsCell */ = {
			isa = PBXGroup;
			children = (
				00D5CD471B2F0CEE007D8E81 /* LotteryResultsCell.h */,
				00D5CD481B2F0CEE007D8E81 /* LotteryResultsCell.m */,
				00D5CD491B2F0CEE007D8E81 /* LotteryResultsCell.xib */,
			);
			name = lotteryResultsCell;
			path = ../../views/lotteryResultsCell;
			sourceTree = "<group>";
		};
		00EDDD6B1B304EB8001F4CB8 /* categoryAndTools */ = {
			isa = PBXGroup;
			children = (
				00CCEA901B43C39100FB6853 /* FFScrollView.h */,
				00CCEA911B43C39100FB6853 /* FFScrollView.m */,
				00EDDD6C1B304ED1001F4CB8 /* UIAlertView+DisMiss.h */,
				00EDDD6D1B304ED1001F4CB8 /* UIAlertView+DisMiss.m */,
			);
			name = categoryAndTools;
			path = category;
			sourceTree = "<group>";
		};
		00EDDD6F1B305C57001F4CB8 /* customDropDownView */ = {
			isa = PBXGroup;
			children = (
				00EDDD701B305C94001F4CB8 /* CustomDropDownView.h */,
				00EDDD711B305C94001F4CB8 /* CustomDropDownView.m */,
			);
			path = customDropDownView;
			sourceTree = "<group>";
		};
		00EDDD7D1B3070CB001F4CB8 /* customDropDownViewCell */ = {
			isa = PBXGroup;
			children = (
				00EDDD7E1B3070CB001F4CB8 /* DropDownViewCell.h */,
				00EDDD7F1B3070CB001F4CB8 /* DropDownViewCell.m */,
				00EDDD801B3070CB001F4CB8 /* DropDownViewCell.xib */,
			);
			path = customDropDownViewCell;
			sourceTree = "<group>";
		};
		00F579751B2D5A0800C5AD45 /* views */ = {
			isa = PBXGroup;
			children = (
				00EDDD7D1B3070CB001F4CB8 /* customDropDownViewCell */,
				00EDDD6F1B305C57001F4CB8 /* customDropDownView */,
			);
			path = views;
			sourceTree = "<group>";
		};
		00F5797B1B2D608A00C5AD45 /* BYLotteryHall */ = {
			isa = PBXGroup;
			children = (
				00D5CD401B2F0C4C007D8E81 /* BuylotteryHallCell */,
				00F5797C1B2D608A00C5AD45 /* ChannelViewController.h */,
				00F5797D1B2D608A00C5AD45 /* ChannelViewController.m */,
			);
			path = BYLotteryHall;
			sourceTree = "<group>";
		};
		00F5797E1B2D608A00C5AD45 /* MYIfeng */ = {
			isa = PBXGroup;
			children = (
				005FA6C11B5FCD4C0036AB89 /* 账户明细 */,
				00929D6C1B53EE12001CFB4D /* 系统公告 */,
				97D9E5281B51514D00048878 /* Views */,
				00F5797F1B2D608A00C5AD45 /* MyProfileViewController.h */,
				00F579801B2D608A00C5AD45 /* MyProfileViewController.m */,
				9739E81B1B4A7EFF007AF273 /* RecordPageViewController.h */,
				9739E81C1B4A7EFF007AF273 /* RecordPageViewController.m */,
				9739E8271B4ABA64007AF273 /* RecordViewController.h */,
				9739E8281B4ABA64007AF273 /* RecordViewController.m */,
				9739E8291B4ABA64007AF273 /* RecordViewController.xib */,
				97EF65061B5B7F760087C2AE /* LotteryRecordCell.h */,
				97EF65071B5B7F760087C2AE /* LotteryRecordCell.m */,
				97EF65081B5B7F760087C2AE /* LotteryRecordCell.xib */,
			);
			path = MYIfeng;
			sourceTree = "<group>";
		};
		00F579811B2D608A00C5AD45 /* Recommendation */ = {
			isa = PBXGroup;
			children = (
				00AEE7831B3F05B400577380 /* RecommendViewController.h */,
				00AEE7841B3F05B400577380 /* RecommendViewController.m */,
				00AEE7791B3EDAB500577380 /* 选择彩种 */,
				00AEE7781B3E93FE00577380 /* childController */,
			);
			path = Recommendation;
			sourceTree = "<group>";
		};
		00F579841B2D608A00C5AD45 /* Trend */ = {
			isa = PBXGroup;
			children = (
				00929D601B50F383001CFB4D /* detailOfLotteryResult */,
				00F579851B2D608A00C5AD45 /* TrendViewController.h */,
				00F579861B2D608A00C5AD45 /* TrendViewController.m */,
				00D5CD461B2F0CB0007D8E81 /* lotteryResultsCell */,
			);
			path = Trend;
			sourceTree = "<group>";
		};
		00F5798B1B2D60CC00C5AD45 /* LoginViewController */ = {
			isa = PBXGroup;
			children = (
				00F5798C1B2D60FD00C5AD45 /* LoginViewController.h */,
				00F5798D1B2D60FD00C5AD45 /* LoginViewController.m */,
			);
			path = LoginViewController;
			sourceTree = "<group>";
		};
		3B51F866A0ADCD53E7333C86 /* Pods */ = {
			isa = PBXGroup;
			children = (
				D007C86A7ABE68F0E5D2E609 /* Pods.debug.xcconfig */,
				B8737ABB975CB6FB974DA51D /* Pods.release.xcconfig */,
			);
			name = Pods;
			sourceTree = "<group>";
		};
		971DF3E31B3E54BA005CF819 /* OAStackView */ = {
			isa = PBXGroup;
			children = (
				971DF3E51B3E54BA005CF819 /* OAStackView+Constraint.h */,
				971DF3E61B3E54BA005CF819 /* OAStackView+Constraint.m */,
				971DF3E71B3E54BA005CF819 /* OAStackView+Hiding.h */,
				971DF3E81B3E54BA005CF819 /* OAStackView+Hiding.m */,
				971DF3E91B3E54BA005CF819 /* OAStackView+Traversal.h */,
				971DF3EA1B3E54BA005CF819 /* OAStackView+Traversal.m */,
				971DF3EB1B3E54BA005CF819 /* OAStackView.h */,
				971DF3EC1B3E54BA005CF819 /* OAStackView.m */,
				971DF3ED1B3E54BA005CF819 /* OAStackViewAlignmentStrategy.h */,
				971DF3EE1B3E54BA005CF819 /* OAStackViewAlignmentStrategy.m */,
				971DF3EF1B3E54BA005CF819 /* OAStackViewDistributionStrategy.h */,
				971DF3F01B3E54BA005CF819 /* OAStackViewDistributionStrategy.m */,
			);
			path = OAStackView;
			sourceTree = "<group>";
		};
		971DF3FE1B3E81B4005CF819 /* Model */ = {
			isa = PBXGroup;
			children = (
				971DF3FF1B3E81D1005CF819 /* NumberCellNode.h */,
				971DF4001B3E81D1005CF819 /* NumberCellNode.m */,
			);
			path = Model;
			sourceTree = "<group>";
		};
		9720B2401B3E4D4300648ABE /* Vendors */ = {
			isa = PBXGroup;
			children = (
				9739E8231B4A91B8007AF273 /* HMSegmentedControl */,
				974563A41B47C41900DDA8A1 /* JZNavigationExtension */,
				971DF3E31B3E54BA005CF819 /* OAStackView */,
			);
			path = Vendors;
			sourceTree = "<group>";
		};
		9739E8231B4A91B8007AF273 /* HMSegmentedControl */ = {
			isa = PBXGroup;
			children = (
				9739E8241B4A91B8007AF273 /* HMSegmentedControl.h */,
				9739E8251B4A91B8007AF273 /* HMSegmentedControl.m */,
			);
			path = HMSegmentedControl;
			sourceTree = "<group>";
		};
		973C15B51B36BD8600BE608E /* Colors */ = {
			isa = PBXGroup;
			children = (
				973C15B61B36BD8600BE608E /* Colours.h */,
				973C15B71B36BD8600BE608E /* Colours.m */,
			);
			path = Colors;
			sourceTree = "<group>";
		};
		9745639B1B47B2A800DDA8A1 /* Model */ = {
			isa = PBXGroup;
			children = (
				00929D5D1B48C1A0001CFB4D /* LogInUserIonfoModel.h */,
				00929D5E1B48C1A0001CFB4D /* LogInUserIonfoModel.m */,
				97EF65031B5B793E0087C2AE /* LotteryRecord.h */,
				97EF65041B5B793E0087C2AE /* LotteryRecord.m */,
			);
			path = Model;
			sourceTree = "<group>";
		};
		974563A21B47B85E00DDA8A1 /* Global */ = {
			isa = PBXGroup;
			children = (
				974563A31B47B86C00DDA8A1 /* Macros.h */,
			);
			path = Global;
			sourceTree = "<group>";
		};
		974563A41B47C41900DDA8A1 /* JZNavigationExtension */ = {
			isa = PBXGroup;
			children = (
				974563A51B47C41900DDA8A1 /* UINavigationController+JZExtension.h */,
				974563A61B47C41900DDA8A1 /* UINavigationController+JZExtension.m */,
			);
			path = JZNavigationExtension;
			sourceTree = "<group>";
		};
		974E85891B11610E00B57C9E = {
			isa = PBXGroup;
			children = (
				974E85941B11610E00B57C9E /* Lottery */,
				974E85AE1B11610E00B57C9E /* LotteryTests */,
				974E85931B11610E00B57C9E /* Products */,
				3B51F866A0ADCD53E7333C86 /* Pods */,
				C0F223D62BEDF1D78E103630 /* Frameworks */,
			);
			sourceTree = "<group>";
		};
		974E85931B11610E00B57C9E /* Products */ = {
			isa = PBXGroup;
			children = (
				974E85921B11610E00B57C9E /* Lottery.app */,
				974E85AB1B11610E00B57C9E /* LotteryTests.xctest */,
			);
			name = Products;
			sourceTree = "<group>";
		};
		974E85941B11610E00B57C9E /* Lottery */ = {
			isa = PBXGroup;
			children = (
				974563A21B47B85E00DDA8A1 /* Global */,
				9745639B1B47B2A800DDA8A1 /* Model */,
				9720B2401B3E4D4300648ABE /* Vendors */,
				979BC4E91B26F67F00070B0B /* Utils */,
				974E85991B11610E00B57C9E /* AppDelegate.h */,
				974E859A1B11610E00B57C9E /* AppDelegate.m */,
				974E859C1B11610E00B57C9E /* RootViewController.h */,
				974E859D1B11610E00B57C9E /* RootViewController.m */,
				974E85A21B11610E00B57C9E /* Images.xcassets */,
				974E859F1B11610E00B57C9E /* Main.storyboard */,
				974E85A41B11610E00B57C9E /* LaunchScreen.xib */,
				00EDDD6B1B304EB8001F4CB8 /* categoryAndTools */,
				974E85BB1B1162E100B57C9E /* Controllers */,
				00F579751B2D5A0800C5AD45 /* views */,
				974E85951B11610E00B57C9E /* Supporting Files */,
			);
			path = Lottery;
			sourceTree = "<group>";
		};
		974E85951B11610E00B57C9E /* Supporting Files */ = {
			isa = PBXGroup;
			children = (
				974E85961B11610E00B57C9E /* Info.plist */,
				974E85971B11610E00B57C9E /* main.m */,
				00AEE7771B3E805300577380 /* Lottery.pch */,
			);
			name = "Supporting Files";
			sourceTree = "<group>";
		};
		974E85AE1B11610E00B57C9E /* LotteryTests */ = {
			isa = PBXGroup;
			children = (
				974E85B11B11610E00B57C9E /* LotteryTests.m */,
				974E85AF1B11610E00B57C9E /* Supporting Files */,
			);
			path = LotteryTests;
			sourceTree = "<group>";
		};
		974E85AF1B11610E00B57C9E /* Supporting Files */ = {
			isa = PBXGroup;
			children = (
				974E85B01B11610E00B57C9E /* Info.plist */,
			);
			name = "Supporting Files";
			sourceTree = "<group>";
		};
		974E85BB1B1162E100B57C9E /* Controllers */ = {
			isa = PBXGroup;
			children = (
				97D9E5201B51151B00048878 /* BankCard */,
				97D9E51C1B510D5A00048878 /* Vertify */,
				97D9E5181B51026600048878 /* Modify Password */,
				97D9E5121B50EA0400048878 /* Setting */,
				97D03F4D1B2FDBD5001FB2C4 /* Buying */,
				00F5798B1B2D60CC00C5AD45 /* LoginViewController */,
				00F5797B1B2D608A00C5AD45 /* BYLotteryHall */,
				00F5797E1B2D608A00C5AD45 /* MYIfeng */,
				00F579811B2D608A00C5AD45 /* Recommendation */,
				00F579841B2D608A00C5AD45 /* Trend */,
			);
			path = Controllers;
			sourceTree = "<group>";
		};
		979BC4E91B26F67F00070B0B /* Utils */ = {
			isa = PBXGroup;
			children = (
				973C15B51B36BD8600BE608E /* Colors */,
				979BC4EA1B26F6CB00070B0B /* HTTP */,
			);
			path = Utils;
			sourceTree = "<group>";
		};
		979BC4EA1B26F6CB00070B0B /* HTTP */ = {
			isa = PBXGroup;
			children = (
				979BC4EB1B26F6CB00070B0B /* HTTPClient.h */,
				979BC4EC1B26F6CB00070B0B /* HTTPClient.m */,
				970E4C521B2BF4C8004544EA /* HTTPConfigs.h */,
				970E4C4E1B2BF431004544EA /* HTTPClient+User.h */,
				970E4C4F1B2BF431004544EA /* HTTPClient+User.m */,
			);
			path = HTTP;
			sourceTree = "<group>";
		};
		97D03F4D1B2FDBD5001FB2C4 /* Buying */ = {
			isa = PBXGroup;
			children = (
				971DF3FE1B3E81B4005CF819 /* Model */,
				97D03F551B2FDC99001FB2C4 /* Views */,
				97D03F5B1B2FDE88001FB2C4 /* BuyingViewController.h */,
				97D03F5C1B2FDE88001FB2C4 /* BuyingViewController.m */,
				97D03F5D1B2FDE88001FB2C4 /* BuyingViewController.xib */,
			);
			path = Buying;
			sourceTree = "<group>";
		};
		97D03F551B2FDC99001FB2C4 /* Views */ = {
			isa = PBXGroup;
			children = (
				97D03F561B2FDCE9001FB2C4 /* SelectNumbersCell.h */,
				97D03F571B2FDCE9001FB2C4 /* SelectNumbersCell.m */,
				97D03F581B2FDCE9001FB2C4 /* SelectNumbersCell.xib */,
				97D03F601B2FE1D6001FB2C4 /* NumberButton.h */,
				97D03F611B2FE1D6001FB2C4 /* NumberButton.m */,
				971DF3FB1B3E735C005CF819 /* SegmentButton.h */,
				971DF3FC1B3E735C005CF819 /* SegmentButton.m */,
			);
			path = Views;
			sourceTree = "<group>";
		};
		97D9E5121B50EA0400048878 /* Setting */ = {
			isa = PBXGroup;
			children = (
				97D9E5131B50EA2100048878 /* SettingViewController.h */,
				97D9E5141B50EA2100048878 /* SettingViewController.m */,
			);
			path = Setting;
			sourceTree = "<group>";
		};
		97D9E5181B51026600048878 /* Modify Password */ = {
			isa = PBXGroup;
			children = (
				97D9E5191B51028500048878 /* ModifyPasswordViewController.h */,
				97D9E51A1B51028500048878 /* ModifyPasswordViewController.m */,
			);
			path = "Modify Password";
			sourceTree = "<group>";
		};
		97D9E51C1B510D5A00048878 /* Vertify */ = {
			isa = PBXGroup;
			children = (
				97D9E51D1B510D9400048878 /* VertifyQuestionViewController.h */,
				97D9E51E1B510D9400048878 /* VertifyQuestionViewController.m */,
			);
			path = Vertify;
			sourceTree = "<group>";
		};
		97D9E5201B51151B00048878 /* BankCard */ = {
			isa = PBXGroup;
			children = (
				97D9E5211B51152E00048878 /* BankCardManageViewController.h */,
				97D9E5221B51152E00048878 /* BankCardManageViewController.m */,
			);
			path = BankCard;
			sourceTree = "<group>";
		};
		97D9E5281B51514D00048878 /* Views */ = {
			isa = PBXGroup;
			children = (
				97D9E5291B51519400048878 /* DropButton.h */,
				97D9E52A1B51519400048878 /* DropButton.m */,
			);
			path = Views;
			sourceTree = "<group>";
		};
		C0F223D62BEDF1D78E103630 /* Frameworks */ = {
			isa = PBXGroup;
			children = (
				8C01377733245E06688A8F6B /* libPods.a */,
			);
			name = Frameworks;
			sourceTree = "<group>";
		};
/* End PBXGroup section */

/* Begin PBXNativeTarget section */
		974E85911B11610E00B57C9E /* Lottery */ = {
			isa = PBXNativeTarget;
			buildConfigurationList = 974E85B51B11610E00B57C9E /* Build configuration list for PBXNativeTarget "Lottery" */;
			buildPhases = (
				83841A8D63A4EE9873CBA87F /* Check Pods Manifest.lock */,
				974E858E1B11610E00B57C9E /* Sources */,
				974E858F1B11610E00B57C9E /* Frameworks */,
				974E85901B11610E00B57C9E /* Resources */,
				6AEE42DF4AC86F9DCBD2A1A5 /* Copy Pods Resources */,
			);
			buildRules = (
			);
			dependencies = (
			);
			name = Lottery;
			productName = Lottery;
			productReference = 974E85921B11610E00B57C9E /* Lottery.app */;
			productType = "com.apple.product-type.application";
		};
		974E85AA1B11610E00B57C9E /* LotteryTests */ = {
			isa = PBXNativeTarget;
			buildConfigurationList = 974E85B81B11610E00B57C9E /* Build configuration list for PBXNativeTarget "LotteryTests" */;
			buildPhases = (
				974E85A71B11610E00B57C9E /* Sources */,
				974E85A81B11610E00B57C9E /* Frameworks */,
				974E85A91B11610E00B57C9E /* Resources */,
			);
			buildRules = (
			);
			dependencies = (
				974E85AD1B11610E00B57C9E /* PBXTargetDependency */,
			);
			name = LotteryTests;
			productName = LotteryTests;
			productReference = 974E85AB1B11610E00B57C9E /* LotteryTests.xctest */;
			productType = "com.apple.product-type.bundle.unit-test";
		};
/* End PBXNativeTarget section */

/* Begin PBXProject section */
		974E858A1B11610E00B57C9E /* Project object */ = {
			isa = PBXProject;
			attributes = {
				LastUpgradeCheck = 0630;
				ORGANIZATIONNAME = August;
				TargetAttributes = {
					974E85911B11610E00B57C9E = {
						CreatedOnToolsVersion = 6.3.1;
						DevelopmentTeam = 44P9L4RG9U;
					};
					974E85AA1B11610E00B57C9E = {
						CreatedOnToolsVersion = 6.3.1;
						TestTargetID = 974E85911B11610E00B57C9E;
					};
				};
			};
			buildConfigurationList = 974E858D1B11610E00B57C9E /* Build configuration list for PBXProject "Lottery" */;
			compatibilityVersion = "Xcode 3.2";
			developmentRegion = English;
			hasScannedForEncodings = 0;
			knownRegions = (
				en,
				Base,
			);
			mainGroup = 974E85891B11610E00B57C9E;
			productRefGroup = 974E85931B11610E00B57C9E /* Products */;
			projectDirPath = "";
			projectRoot = "";
			targets = (
				974E85911B11610E00B57C9E /* Lottery */,
				974E85AA1B11610E00B57C9E /* LotteryTests */,
			);
		};
/* End PBXProject section */

/* Begin PBXResourcesBuildPhase section */
		974E85901B11610E00B57C9E /* Resources */ = {
			isa = PBXResourcesBuildPhase;
			buildActionMask = 2147483647;
			files = (
				00D5CD4B1B2F0CEE007D8E81 /* LotteryResultsCell.xib in Resources */,
				974E85A11B11610E00B57C9E /* Main.storyboard in Resources */,
				97D03F5A1B2FDCE9001FB2C4 /* SelectNumbersCell.xib in Resources */,
				00D5CD451B2F0C4C007D8E81 /* BYLotteryHallCell.xib in Resources */,
				97D03F5F1B2FDE88001FB2C4 /* BuyingViewController.xib in Resources */,
				00EDDD821B3070CB001F4CB8 /* DropDownViewCell.xib in Resources */,
				00D277AE1B417B6D0004D35B /* ChooseLotteryCell.xib in Resources */,
				97D03F5F1B2FDE88001FB2C4 /* BuyingViewController.xib in Resources */,
				005FA6CE1B67A7180036AB89 /* InsidelDetailVC.xib in Resources */,
				97EF650A1B5B7F760087C2AE /* LotteryRecordCell.xib in Resources */,
				00929D6B1B50FAE1001CFB4D /* LotteryDetailCell.xib in Resources */,
				005FA6C91B67A6F90036AB89 /* AnnouncementDetailVC.xib in Resources */,
				9739E82B1B4ABA64007AF273 /* RecordViewController.xib in Resources */,
				0070B40B1B3C2F6700DF17AC /* RecommendationVC.xib in Resources */,
				974E85A61B11610E00B57C9E /* LaunchScreen.xib in Resources */,
				974E85A31B11610E00B57C9E /* Images.xcassets in Resources */,
				00AEE77E1B3EDB1F00577380 /* ChooseLotteryVC.xib in Resources */,
				00929D651B50F542001CFB4D /* LotteryDetailVC.xib in Resources */,
			);
			runOnlyForDeploymentPostprocessing = 0;
		};
		974E85A91B11610E00B57C9E /* Resources */ = {
			isa = PBXResourcesBuildPhase;
			buildActionMask = 2147483647;
			files = (
			);
			runOnlyForDeploymentPostprocessing = 0;
		};
/* End PBXResourcesBuildPhase section */

/* Begin PBXShellScriptBuildPhase section */
		6AEE42DF4AC86F9DCBD2A1A5 /* Copy Pods Resources */ = {
			isa = PBXShellScriptBuildPhase;
			buildActionMask = 2147483647;
			files = (
			);
			inputPaths = (
			);
			name = "Copy Pods Resources";
			outputPaths = (
			);
			runOnlyForDeploymentPostprocessing = 0;
			shellPath = /bin/sh;
			shellScript = "\"${SRCROOT}/Pods/Target Support Files/Pods/Pods-resources.sh\"\n";
			showEnvVarsInLog = 0;
		};
		83841A8D63A4EE9873CBA87F /* Check Pods Manifest.lock */ = {
			isa = PBXShellScriptBuildPhase;
			buildActionMask = 2147483647;
			files = (
			);
			inputPaths = (
			);
			name = "Check Pods Manifest.lock";
			outputPaths = (
			);
			runOnlyForDeploymentPostprocessing = 0;
			shellPath = /bin/sh;
			shellScript = "diff \"${PODS_ROOT}/../Podfile.lock\" \"${PODS_ROOT}/Manifest.lock\" > /dev/null\nif [[ $? != 0 ]] ; then\n    cat << EOM\nerror: The sandbox is not in sync with the Podfile.lock. Run 'pod install' or update your CocoaPods installation.\nEOM\n    exit 1\nfi\n";
			showEnvVarsInLog = 0;
		};
/* End PBXShellScriptBuildPhase section */

/* Begin PBXSourcesBuildPhase section */
		974E858E1B11610E00B57C9E /* Sources */ = {
			isa = PBXSourcesBuildPhase;
			buildActionMask = 2147483647;
			files = (
				9739E81E1B4A7EFF007AF273 /* RecordPageViewController.m in Sources */,
				97D9E51B1B51028500048878 /* ModifyPasswordViewController.m in Sources */,
				00929D641B50F542001CFB4D /* LotteryDetailVC.m in Sources */,
				00929D701B53EEA5001CFB4D /* AnnouncementVC.m in Sources */,
				00F579871B2D608A00C5AD45 /* ChannelViewController.m in Sources */,
				971DF3F51B3E54BA005CF819 /* OAStackView.m in Sources */,
				00AEE7851B3F05B400577380 /* RecommendViewController.m in Sources */,
				00EDDD811B3070CB001F4CB8 /* DropDownViewCell.m in Sources */,
				974E859E1B11610E00B57C9E /* RootViewController.m in Sources */,
				971DF3FD1B3E735C005CF819 /* SegmentButton.m in Sources */,
				00D5CD441B2F0C4C007D8E81 /* BYLotteryHallCell.m in Sources */,
				00EDDD6E1B304ED1001F4CB8 /* UIAlertView+DisMiss.m in Sources */,
				00F5798A1B2D608A00C5AD45 /* TrendViewController.m in Sources */,
				00929D5F1B48C1A0001CFB4D /* LogInUserIonfoModel.m in Sources */,
				97EF65051B5B793E0087C2AE /* LotteryRecord.m in Sources */,
				00CCEA921B43C39100FB6853 /* FFScrollView.m in Sources */,
				0070B40A1B3C2F6700DF17AC /* RecommendationVC.m in Sources */,
				97D03F5E1B2FDE88001FB2C4 /* BuyingViewController.m in Sources */,
				00F5798E1B2D60FD00C5AD45 /* LoginViewController.m in Sources */,
				9739E82A1B4ABA64007AF273 /* RecordViewController.m in Sources */,
				974563A71B47C41900DDA8A1 /* UINavigationController+JZExtension.m in Sources */,
				971DF4011B3E81D1005CF819 /* NumberCellNode.m in Sources */,
				974E859B1B11610E00B57C9E /* AppDelegate.m in Sources */,
				00F579881B2D608A00C5AD45 /* MyProfileViewController.m in Sources */,
				00D5CD4A1B2F0CEE007D8E81 /* LotteryResultsCell.m in Sources */,
				00AEE77D1B3EDB1F00577380 /* ChooseLotteryVC.m in Sources */,
				97D9E5231B51152E00048878 /* BankCardManageViewController.m in Sources */,
				979BC4ED1B26F6CB00070B0B /* HTTPClient.m in Sources */,
				00929D6A1B50FAE1001CFB4D /* LotteryDetailCell.m in Sources */,
				97D03F591B2FDCE9001FB2C4 /* SelectNumbersCell.m in Sources */,
				00D277AD1B417B6D0004D35B /* ChooseLotteryCell.m in Sources */,
				9739E8261B4A91B8007AF273 /* HMSegmentedControl.m in Sources */,
				005FA6C41B5FCDDC0036AB89 /* AccountViewController.m in Sources */,
				97EF65091B5B7F760087C2AE /* LotteryRecordCell.m in Sources */,
				973C15B81B36BD8600BE608E /* Colours.m in Sources */,
				971DF3F61B3E54BA005CF819 /* OAStackViewAlignmentStrategy.m in Sources */,
				00EDDD721B305C94001F4CB8 /* CustomDropDownView.m in Sources */,
				974E85981B11610E00B57C9E /* main.m in Sources */,
				97D03F621B2FE1D6001FB2C4 /* NumberButton.m in Sources */,
				970E4C501B2BF431004544EA /* HTTPClient+User.m in Sources */,
				005FA6C81B67A6F90036AB89 /* AnnouncementDetailVC.m in Sources */,
				971DF3F31B3E54BA005CF819 /* OAStackView+Hiding.m in Sources */,
				97D9E52B1B51519400048878 /* DropButton.m in Sources */,
				971DF3F21B3E54BA005CF819 /* OAStackView+Constraint.m in Sources */,
				971DF3F71B3E54BA005CF819 /* OAStackViewDistributionStrategy.m in Sources */,
				97D9E5161B50EA2100048878 /* SettingViewController.m in Sources */,
				97D9E51F1B510D9400048878 /* VertifyQuestionViewController.m in Sources */,
				971DF3F41B3E54BA005CF819 /* OAStackView+Traversal.m in Sources */,
				005FA6CD1B67A7180036AB89 /* InsidelDetailVC.m in Sources */,
			);
			runOnlyForDeploymentPostprocessing = 0;
		};
		974E85A71B11610E00B57C9E /* Sources */ = {
			isa = PBXSourcesBuildPhase;
			buildActionMask = 2147483647;
			files = (
				974E85B21B11610E00B57C9E /* LotteryTests.m in Sources */,
			);
			runOnlyForDeploymentPostprocessing = 0;
		};
/* End PBXSourcesBuildPhase section */

/* Begin PBXTargetDependency section */
		974E85AD1B11610E00B57C9E /* PBXTargetDependency */ = {
			isa = PBXTargetDependency;
			target = 974E85911B11610E00B57C9E /* Lottery */;
			targetProxy = 974E85AC1B11610E00B57C9E /* PBXContainerItemProxy */;
		};
/* End PBXTargetDependency section */

/* Begin PBXVariantGroup section */
		974E859F1B11610E00B57C9E /* Main.storyboard */ = {
			isa = PBXVariantGroup;
			children = (
				974E85A01B11610E00B57C9E /* Base */,
			);
			name = Main.storyboard;
			sourceTree = "<group>";
		};
		974E85A41B11610E00B57C9E /* LaunchScreen.xib */ = {
			isa = PBXVariantGroup;
			children = (
				974E85A51B11610E00B57C9E /* Base */,
			);
			name = LaunchScreen.xib;
			sourceTree = "<group>";
		};
/* End PBXVariantGroup section */

/* Begin XCBuildConfiguration section */
		974E85B31B11610E00B57C9E /* Debug */ = {
			isa = XCBuildConfiguration;
			buildSettings = {
				ALWAYS_SEARCH_USER_PATHS = NO;
				CLANG_CXX_LANGUAGE_STANDARD = "gnu++0x";
				CLANG_CXX_LIBRARY = "libc++";
				CLANG_ENABLE_MODULES = YES;
				CLANG_ENABLE_OBJC_ARC = YES;
				CLANG_WARN_BOOL_CONVERSION = YES;
				CLANG_WARN_CONSTANT_CONVERSION = YES;
				CLANG_WARN_DIRECT_OBJC_ISA_USAGE = YES_ERROR;
				CLANG_WARN_EMPTY_BODY = YES;
				CLANG_WARN_ENUM_CONVERSION = YES;
				CLANG_WARN_INT_CONVERSION = YES;
				CLANG_WARN_OBJC_ROOT_CLASS = YES_ERROR;
				CLANG_WARN_UNREACHABLE_CODE = YES;
				CLANG_WARN__DUPLICATE_METHOD_MATCH = YES;
				"CODE_SIGN_IDENTITY[sdk=iphoneos*]" = "iPhone Developer";
				COPY_PHASE_STRIP = NO;
				DEBUG_INFORMATION_FORMAT = "dwarf-with-dsym";
				ENABLE_STRICT_OBJC_MSGSEND = YES;
				GCC_C_LANGUAGE_STANDARD = gnu99;
				GCC_DYNAMIC_NO_PIC = NO;
				GCC_INCREASE_PRECOMPILED_HEADER_SHARING = NO;
				GCC_NO_COMMON_BLOCKS = YES;
				GCC_OPTIMIZATION_LEVEL = 0;
				GCC_PREPROCESSOR_DEFINITIONS = (
					"DEBUG=1",
					"$(inherited)",
				);
				GCC_SYMBOLS_PRIVATE_EXTERN = NO;
				GCC_WARN_64_TO_32_BIT_CONVERSION = YES;
				GCC_WARN_ABOUT_RETURN_TYPE = YES_ERROR;
				GCC_WARN_UNDECLARED_SELECTOR = YES;
				GCC_WARN_UNINITIALIZED_AUTOS = YES_AGGRESSIVE;
				GCC_WARN_UNUSED_FUNCTION = YES;
				GCC_WARN_UNUSED_VARIABLE = YES;
				IPHONEOS_DEPLOYMENT_TARGET = 8.3;
				MTL_ENABLE_DEBUG_INFO = YES;
				ONLY_ACTIVE_ARCH = YES;
				SDKROOT = iphoneos;
			};
			name = Debug;
		};
		974E85B41B11610E00B57C9E /* Release */ = {
			isa = XCBuildConfiguration;
			buildSettings = {
				ALWAYS_SEARCH_USER_PATHS = NO;
				CLANG_CXX_LANGUAGE_STANDARD = "gnu++0x";
				CLANG_CXX_LIBRARY = "libc++";
				CLANG_ENABLE_MODULES = YES;
				CLANG_ENABLE_OBJC_ARC = YES;
				CLANG_WARN_BOOL_CONVERSION = YES;
				CLANG_WARN_CONSTANT_CONVERSION = YES;
				CLANG_WARN_DIRECT_OBJC_ISA_USAGE = YES_ERROR;
				CLANG_WARN_EMPTY_BODY = YES;
				CLANG_WARN_ENUM_CONVERSION = YES;
				CLANG_WARN_INT_CONVERSION = YES;
				CLANG_WARN_OBJC_ROOT_CLASS = YES_ERROR;
				CLANG_WARN_UNREACHABLE_CODE = YES;
				CLANG_WARN__DUPLICATE_METHOD_MATCH = YES;
				"CODE_SIGN_IDENTITY[sdk=iphoneos*]" = "iPhone Developer";
				COPY_PHASE_STRIP = NO;
				DEBUG_INFORMATION_FORMAT = "dwarf-with-dsym";
				ENABLE_NS_ASSERTIONS = NO;
				ENABLE_STRICT_OBJC_MSGSEND = YES;
				GCC_C_LANGUAGE_STANDARD = gnu99;
				GCC_INCREASE_PRECOMPILED_HEADER_SHARING = NO;
				GCC_NO_COMMON_BLOCKS = YES;
				GCC_WARN_64_TO_32_BIT_CONVERSION = YES;
				GCC_WARN_ABOUT_RETURN_TYPE = YES_ERROR;
				GCC_WARN_UNDECLARED_SELECTOR = YES;
				GCC_WARN_UNINITIALIZED_AUTOS = YES_AGGRESSIVE;
				GCC_WARN_UNUSED_FUNCTION = YES;
				GCC_WARN_UNUSED_VARIABLE = YES;
				IPHONEOS_DEPLOYMENT_TARGET = 8.3;
				MTL_ENABLE_DEBUG_INFO = NO;
				SDKROOT = iphoneos;
				VALIDATE_PRODUCT = YES;
			};
			name = Release;
		};
		974E85B61B11610E00B57C9E /* Debug */ = {
			isa = XCBuildConfiguration;
			baseConfigurationReference = D007C86A7ABE68F0E5D2E609 /* Pods.debug.xcconfig */;
			buildSettings = {
				ASSETCATALOG_COMPILER_APPICON_NAME = AppIcon;
				CODE_SIGN_IDENTITY = "iPhone Developer: chi xiaolan (5NJBR9KZV9)";
				GCC_INCREASE_PRECOMPILED_HEADER_SHARING = NO;
				GCC_PRECOMPILE_PREFIX_HEADER = NO;
				INFOPLIST_FILE = Lottery/Info.plist;
				IPHONEOS_DEPLOYMENT_TARGET = 7.0;
				LD_RUNPATH_SEARCH_PATHS = "$(inherited) @executable_path/Frameworks";
				PRODUCT_NAME = "$(TARGET_NAME)";
			};
			name = Debug;
		};
		974E85B71B11610E00B57C9E /* Release */ = {
			isa = XCBuildConfiguration;
			baseConfigurationReference = B8737ABB975CB6FB974DA51D /* Pods.release.xcconfig */;
			buildSettings = {
				ASSETCATALOG_COMPILER_APPICON_NAME = AppIcon;
				CODE_SIGN_IDENTITY = "iPhone Developer: chi xiaolan (5NJBR9KZV9)";
				GCC_INCREASE_PRECOMPILED_HEADER_SHARING = NO;
				GCC_PRECOMPILE_PREFIX_HEADER = NO;
				INFOPLIST_FILE = Lottery/Info.plist;
				IPHONEOS_DEPLOYMENT_TARGET = 7.0;
				LD_RUNPATH_SEARCH_PATHS = "$(inherited) @executable_path/Frameworks";
				PRODUCT_NAME = "$(TARGET_NAME)";
			};
			name = Release;
		};
		974E85B91B11610E00B57C9E /* Debug */ = {
			isa = XCBuildConfiguration;
			buildSettings = {
				BUNDLE_LOADER = "$(TEST_HOST)";
				FRAMEWORK_SEARCH_PATHS = (
					"$(SDKROOT)/Developer/Library/Frameworks",
					"$(inherited)",
				);
				GCC_PREPROCESSOR_DEFINITIONS = (
					"DEBUG=1",
					"$(inherited)",
				);
				INFOPLIST_FILE = LotteryTests/Info.plist;
				LD_RUNPATH_SEARCH_PATHS = "$(inherited) @executable_path/Frameworks @loader_path/Frameworks";
				PRODUCT_NAME = "$(TARGET_NAME)";
				TEST_HOST = "$(BUILT_PRODUCTS_DIR)/Lottery.app/Lottery";
			};
			name = Debug;
		};
		974E85BA1B11610E00B57C9E /* Release */ = {
			isa = XCBuildConfiguration;
			buildSettings = {
				BUNDLE_LOADER = "$(TEST_HOST)";
				FRAMEWORK_SEARCH_PATHS = (
					"$(SDKROOT)/Developer/Library/Frameworks",
					"$(inherited)",
				);
				INFOPLIST_FILE = LotteryTests/Info.plist;
				LD_RUNPATH_SEARCH_PATHS = "$(inherited) @executable_path/Frameworks @loader_path/Frameworks";
				PRODUCT_NAME = "$(TARGET_NAME)";
				TEST_HOST = "$(BUILT_PRODUCTS_DIR)/Lottery.app/Lottery";
			};
			name = Release;
		};
/* End XCBuildConfiguration section */

/* Begin XCConfigurationList section */
		974E858D1B11610E00B57C9E /* Build configuration list for PBXProject "Lottery" */ = {
			isa = XCConfigurationList;
			buildConfigurations = (
				974E85B31B11610E00B57C9E /* Debug */,
				974E85B41B11610E00B57C9E /* Release */,
			);
			defaultConfigurationIsVisible = 0;
			defaultConfigurationName = Release;
		};
		974E85B51B11610E00B57C9E /* Build configuration list for PBXNativeTarget "Lottery" */ = {
			isa = XCConfigurationList;
			buildConfigurations = (
				974E85B61B11610E00B57C9E /* Debug */,
				974E85B71B11610E00B57C9E /* Release */,
			);
			defaultConfigurationIsVisible = 0;
			defaultConfigurationName = Release;
		};
		974E85B81B11610E00B57C9E /* Build configuration list for PBXNativeTarget "LotteryTests" */ = {
			isa = XCConfigurationList;
			buildConfigurations = (
				974E85B91B11610E00B57C9E /* Debug */,
				974E85BA1B11610E00B57C9E /* Release */,
			);
			defaultConfigurationIsVisible = 0;
			defaultConfigurationName = Release;
		};
/* End XCConfigurationList section */
	};
	rootObject = 974E858A1B11610E00B57C9E /* Project object */;
}
